// !$*UTF8*$!
{
	archiveVersion = 1;
	classes = {
	};
	objectVersion = 56;
	objects = {

/* Begin PBXBuildFile section */
		3FF4D4B8E4E3851F410A2068 /* Pods_ImagesFeedApp.framework in Frameworks */ = {isa = PBXBuildFile; fileRef = C5D7D002791BD3ECA940976D /* Pods_ImagesFeedApp.framework */; };
		4485B9852A37D046000E0531 /* AppDelegate.swift in Sources */ = {isa = PBXBuildFile; fileRef = 4485B9842A37D046000E0531 /* AppDelegate.swift */; };
		4485B9872A37D046000E0531 /* SceneDelegate.swift in Sources */ = {isa = PBXBuildFile; fileRef = 4485B9862A37D046000E0531 /* SceneDelegate.swift */; };
		4485B9892A37D046000E0531 /* ImagesFeedViewController.swift in Sources */ = {isa = PBXBuildFile; fileRef = 4485B9882A37D046000E0531 /* ImagesFeedViewController.swift */; };
		4485B98C2A37D046000E0531 /* Main.storyboard in Resources */ = {isa = PBXBuildFile; fileRef = 4485B98A2A37D046000E0531 /* Main.storyboard */; };
		4485B98E2A37D048000E0531 /* Assets.xcassets in Resources */ = {isa = PBXBuildFile; fileRef = 4485B98D2A37D048000E0531 /* Assets.xcassets */; };
		4485B9912A37D048000E0531 /* LaunchScreen.storyboard in Resources */ = {isa = PBXBuildFile; fileRef = 4485B98F2A37D048000E0531 /* LaunchScreen.storyboard */; };
		4485B9992A37D328000E0531 /* MainTabBarViewController.swift in Sources */ = {isa = PBXBuildFile; fileRef = 4485B9982A37D328000E0531 /* MainTabBarViewController.swift */; };
		4485B99B2A37D818000E0531 /* ImagesLoaderService.swift in Sources */ = {isa = PBXBuildFile; fileRef = 4485B99A2A37D818000E0531 /* ImagesLoaderService.swift */; };
		4485B99D2A37D8F9000E0531 /* HTTPClient .swift in Sources */ = {isa = PBXBuildFile; fileRef = 4485B99C2A37D8F9000E0531 /* HTTPClient .swift */; };
		4485B99F2A37DE74000E0531 /* ImagesScreenModel.swift in Sources */ = {isa = PBXBuildFile; fileRef = 4485B99E2A37DE74000E0531 /* ImagesScreenModel.swift */; };
		4485B9A12A38E5A4000E0531 /* ImageInfoCell.swift in Sources */ = {isa = PBXBuildFile; fileRef = 4485B9A02A38E5A4000E0531 /* ImageInfoCell.swift */; };
		4485B9A42A391F8C000E0531 /* UIImageView.swift in Sources */ = {isa = PBXBuildFile; fileRef = 4485B9A32A391F8C000E0531 /* UIImageView.swift */; };
		4485B9A62A39204A000E0531 /* DetailViewController.swift in Sources */ = {isa = PBXBuildFile; fileRef = 4485B9A52A39204A000E0531 /* DetailViewController.swift */; };
		4485B9AA2A39FC99000E0531 /* FavoritesViewController.swift in Sources */ = {isa = PBXBuildFile; fileRef = 4485B9A92A39FC99000E0531 /* FavoritesViewController.swift */; };
		4485B9AC2A39FD89000E0531 /* FavoriteImageCell.swift in Sources */ = {isa = PBXBuildFile; fileRef = 4485B9AB2A39FD89000E0531 /* FavoriteImageCell.swift */; };
		4485B9AE2A3A1D5F000E0531 /* ImagesSearchService.swift in Sources */ = {isa = PBXBuildFile; fileRef = 4485B9AD2A3A1D5F000E0531 /* ImagesSearchService.swift */; };
		4485B9B12A3A3366000E0531 /* AppConstants.swift in Sources */ = {isa = PBXBuildFile; fileRef = 4485B9B02A3A3366000E0531 /* AppConstants.swift */; };
		4485B9B32A3A3E70000E0531 /* LocalStorage .swift in Sources */ = {isa = PBXBuildFile; fileRef = 4485B9B22A3A3E70000E0531 /* LocalStorage .swift */; };
		4485B9B72A3A630C000E0531 /* Contracts.swift in Sources */ = {isa = PBXBuildFile; fileRef = 4485B9B62A3A630C000E0531 /* Contracts.swift */; };
		4485B9BA2A3A63D8000E0531 /* DetailImageModel.swift in Sources */ = {isa = PBXBuildFile; fileRef = 4485B9B92A3A63D8000E0531 /* DetailImageModel.swift */; };
		4485B9BC2A3A63FE000E0531 /* SearchResults.swift in Sources */ = {isa = PBXBuildFile; fileRef = 4485B9BB2A3A63FE000E0531 /* SearchResults.swift */; };
		4485B9C22A3A656B000E0531 /* ImageFeedView.swift in Sources */ = {isa = PBXBuildFile; fileRef = 4485B9C12A3A656B000E0531 /* ImageFeedView.swift */; };
		4485B9C42A3A697D000E0531 /* ImagesFeedViewControllerAssembly.swift in Sources */ = {isa = PBXBuildFile; fileRef = 4485B9C32A3A697D000E0531 /* ImagesFeedViewControllerAssembly.swift */; };
		4485B9C72A3A69B7000E0531 /* ImageFeedContracts.swift in Sources */ = {isa = PBXBuildFile; fileRef = 4485B9C62A3A69B7000E0531 /* ImageFeedContracts.swift */; };
		4485B9CB2A3A6B33000E0531 /* ImageInfoCellProtocol.swift in Sources */ = {isa = PBXBuildFile; fileRef = 4485B9CA2A3A6B33000E0531 /* ImageInfoCellProtocol.swift */; };
		4485B9CE2A3A6B7D000E0531 /* DetailView.swift in Sources */ = {isa = PBXBuildFile; fileRef = 4485B9CD2A3A6B7D000E0531 /* DetailView.swift */; };
		4485B9D12A3AEF46000E0531 /* FavoritesView.swift in Sources */ = {isa = PBXBuildFile; fileRef = 4485B9D02A3AEF46000E0531 /* FavoritesView.swift */; };
		4485B9D32A3AEF8B000E0531 /* FavoritesViewControllerAssembly.swift in Sources */ = {isa = PBXBuildFile; fileRef = 4485B9D22A3AEF8B000E0531 /* FavoritesViewControllerAssembly.swift */; };
		4485B9D62A3AEFB9000E0531 /* FavoritesContracts.swift in Sources */ = {isa = PBXBuildFile; fileRef = 4485B9D52A3AEFB9000E0531 /* FavoritesContracts.swift */; };
		4485B9DA2A3AF018000E0531 /* FavoriteImageCellProtocol.swift in Sources */ = {isa = PBXBuildFile; fileRef = 4485B9D92A3AF018000E0531 /* FavoriteImageCellProtocol.swift */; };
		4485B9DC2A3AF060000E0531 /* DetailViewControllerAssembly.swift in Sources */ = {isa = PBXBuildFile; fileRef = 4485B9DB2A3AF060000E0531 /* DetailViewControllerAssembly.swift */; };
		4485B9DF2A3AF09C000E0531 /* DetailsContracts.swift in Sources */ = {isa = PBXBuildFile; fileRef = 4485B9DE2A3AF09C000E0531 /* DetailsContracts.swift */; };
/* End PBXBuildFile section */

/* Begin PBXFileReference section */
		42E503457F751A3E2611C0AE /* Pods-ImagesFeedApp.debug.xcconfig */ = {isa = PBXFileReference; includeInIndex = 1; lastKnownFileType = text.xcconfig; name = "Pods-ImagesFeedApp.debug.xcconfig"; path = "Target Support Files/Pods-ImagesFeedApp/Pods-ImagesFeedApp.debug.xcconfig"; sourceTree = "<group>"; };
		4485B9812A37D046000E0531 /* ImagesFeedApp.app */ = {isa = PBXFileReference; explicitFileType = wrapper.application; includeInIndex = 0; path = ImagesFeedApp.app; sourceTree = BUILT_PRODUCTS_DIR; };
		4485B9842A37D046000E0531 /* AppDelegate.swift */ = {isa = PBXFileReference; lastKnownFileType = sourcecode.swift; path = AppDelegate.swift; sourceTree = "<group>"; };
		4485B9862A37D046000E0531 /* SceneDelegate.swift */ = {isa = PBXFileReference; lastKnownFileType = sourcecode.swift; path = SceneDelegate.swift; sourceTree = "<group>"; };
		4485B9882A37D046000E0531 /* ImagesFeedViewController.swift */ = {isa = PBXFileReference; lastKnownFileType = sourcecode.swift; path = ImagesFeedViewController.swift; sourceTree = "<group>"; };
		4485B98B2A37D046000E0531 /* Base */ = {isa = PBXFileReference; lastKnownFileType = file.storyboard; name = Base; path = Base.lproj/Main.storyboard; sourceTree = "<group>"; };
		4485B98D2A37D048000E0531 /* Assets.xcassets */ = {isa = PBXFileReference; lastKnownFileType = folder.assetcatalog; path = Assets.xcassets; sourceTree = "<group>"; };
		4485B9902A37D048000E0531 /* Base */ = {isa = PBXFileReference; lastKnownFileType = file.storyboard; name = Base; path = Base.lproj/LaunchScreen.storyboard; sourceTree = "<group>"; };
		4485B9922A37D048000E0531 /* Info.plist */ = {isa = PBXFileReference; lastKnownFileType = text.plist.xml; path = Info.plist; sourceTree = "<group>"; };
		4485B9982A37D328000E0531 /* MainTabBarViewController.swift */ = {isa = PBXFileReference; lastKnownFileType = sourcecode.swift; path = MainTabBarViewController.swift; sourceTree = "<group>"; };
		4485B99A2A37D818000E0531 /* ImagesLoaderService.swift */ = {isa = PBXFileReference; lastKnownFileType = sourcecode.swift; path = ImagesLoaderService.swift; sourceTree = "<group>"; };
		4485B99C2A37D8F9000E0531 /* HTTPClient .swift */ = {isa = PBXFileReference; lastKnownFileType = sourcecode.swift; path = "HTTPClient .swift"; sourceTree = "<group>"; };
		4485B99E2A37DE74000E0531 /* ImagesScreenModel.swift */ = {isa = PBXFileReference; lastKnownFileType = sourcecode.swift; path = ImagesScreenModel.swift; sourceTree = "<group>"; };
		4485B9A02A38E5A4000E0531 /* ImageInfoCell.swift */ = {isa = PBXFileReference; lastKnownFileType = sourcecode.swift; path = ImageInfoCell.swift; sourceTree = "<group>"; };
		4485B9A32A391F8C000E0531 /* UIImageView.swift */ = {isa = PBXFileReference; lastKnownFileType = sourcecode.swift; path = UIImageView.swift; sourceTree = "<group>"; };
		4485B9A52A39204A000E0531 /* DetailViewController.swift */ = {isa = PBXFileReference; lastKnownFileType = sourcecode.swift; path = DetailViewController.swift; sourceTree = "<group>"; };
		4485B9A92A39FC99000E0531 /* FavoritesViewController.swift */ = {isa = PBXFileReference; lastKnownFileType = sourcecode.swift; path = FavoritesViewController.swift; sourceTree = "<group>"; };
		4485B9AB2A39FD89000E0531 /* FavoriteImageCell.swift */ = {isa = PBXFileReference; lastKnownFileType = sourcecode.swift; path = FavoriteImageCell.swift; sourceTree = "<group>"; };
		4485B9AD2A3A1D5F000E0531 /* ImagesSearchService.swift */ = {isa = PBXFileReference; lastKnownFileType = sourcecode.swift; path = ImagesSearchService.swift; sourceTree = "<group>"; };
		4485B9B02A3A3366000E0531 /* AppConstants.swift */ = {isa = PBXFileReference; lastKnownFileType = sourcecode.swift; path = AppConstants.swift; sourceTree = "<group>"; };
		4485B9B22A3A3E70000E0531 /* LocalStorage .swift */ = {isa = PBXFileReference; lastKnownFileType = sourcecode.swift; path = "LocalStorage .swift"; sourceTree = "<group>"; };
		4485B9B62A3A630C000E0531 /* Contracts.swift */ = {isa = PBXFileReference; lastKnownFileType = sourcecode.swift; path = Contracts.swift; sourceTree = "<group>"; };
		4485B9B92A3A63D8000E0531 /* DetailImageModel.swift */ = {isa = PBXFileReference; lastKnownFileType = sourcecode.swift; path = DetailImageModel.swift; sourceTree = "<group>"; };
		4485B9BB2A3A63FE000E0531 /* SearchResults.swift */ = {isa = PBXFileReference; lastKnownFileType = sourcecode.swift; path = SearchResults.swift; sourceTree = "<group>"; };
		4485B9C12A3A656B000E0531 /* ImageFeedView.swift */ = {isa = PBXFileReference; lastKnownFileType = sourcecode.swift; path = ImageFeedView.swift; sourceTree = "<group>"; };
		4485B9C32A3A697D000E0531 /* ImagesFeedViewControllerAssembly.swift */ = {isa = PBXFileReference; lastKnownFileType = sourcecode.swift; path = ImagesFeedViewControllerAssembly.swift; sourceTree = "<group>"; };
		4485B9C62A3A69B7000E0531 /* ImageFeedContracts.swift */ = {isa = PBXFileReference; lastKnownFileType = sourcecode.swift; path = ImageFeedContracts.swift; sourceTree = "<group>"; };
		4485B9CA2A3A6B33000E0531 /* ImageInfoCellProtocol.swift */ = {isa = PBXFileReference; lastKnownFileType = sourcecode.swift; path = ImageInfoCellProtocol.swift; sourceTree = "<group>"; };
		4485B9CD2A3A6B7D000E0531 /* DetailView.swift */ = {isa = PBXFileReference; lastKnownFileType = sourcecode.swift; path = DetailView.swift; sourceTree = "<group>"; };
		4485B9D02A3AEF46000E0531 /* FavoritesView.swift */ = {isa = PBXFileReference; lastKnownFileType = sourcecode.swift; path = FavoritesView.swift; sourceTree = "<group>"; };
		4485B9D22A3AEF8B000E0531 /* FavoritesViewControllerAssembly.swift */ = {isa = PBXFileReference; lastKnownFileType = sourcecode.swift; path = FavoritesViewControllerAssembly.swift; sourceTree = "<group>"; };
		4485B9D52A3AEFB9000E0531 /* FavoritesContracts.swift */ = {isa = PBXFileReference; lastKnownFileType = sourcecode.swift; path = FavoritesContracts.swift; sourceTree = "<group>"; };
		4485B9D92A3AF018000E0531 /* FavoriteImageCellProtocol.swift */ = {isa = PBXFileReference; lastKnownFileType = sourcecode.swift; path = FavoriteImageCellProtocol.swift; sourceTree = "<group>"; };
		4485B9DB2A3AF060000E0531 /* DetailViewControllerAssembly.swift */ = {isa = PBXFileReference; lastKnownFileType = sourcecode.swift; path = DetailViewControllerAssembly.swift; sourceTree = "<group>"; };
		4485B9DE2A3AF09C000E0531 /* DetailsContracts.swift */ = {isa = PBXFileReference; lastKnownFileType = sourcecode.swift; path = DetailsContracts.swift; sourceTree = "<group>"; };
		5F2E13F5C837C34B19277807 /* Pods-ImagesFeedApp.release.xcconfig */ = {isa = PBXFileReference; includeInIndex = 1; lastKnownFileType = text.xcconfig; name = "Pods-ImagesFeedApp.release.xcconfig"; path = "Target Support Files/Pods-ImagesFeedApp/Pods-ImagesFeedApp.release.xcconfig"; sourceTree = "<group>"; };
		C5D7D002791BD3ECA940976D /* Pods_ImagesFeedApp.framework */ = {isa = PBXFileReference; explicitFileType = wrapper.framework; includeInIndex = 0; path = Pods_ImagesFeedApp.framework; sourceTree = BUILT_PRODUCTS_DIR; };
/* End PBXFileReference section */

/* Begin PBXFrameworksBuildPhase section */
		4485B97E2A37D046000E0531 /* Frameworks */ = {
			isa = PBXFrameworksBuildPhase;
			buildActionMask = 2147483647;
			files = (
				3FF4D4B8E4E3851F410A2068 /* Pods_ImagesFeedApp.framework in Frameworks */,
			);
			runOnlyForDeploymentPostprocessing = 0;
		};
/* End PBXFrameworksBuildPhase section */

/* Begin PBXGroup section */
		4485B9782A37D046000E0531 = {
			isa = PBXGroup;
			children = (
				4485B9832A37D046000E0531 /* ImagesFeedApp */,
				4485B9822A37D046000E0531 /* Products */,
				E3237124F6CA57317A27ED98 /* Pods */,
				866562B5D8BD6E1C7B6456F0 /* Frameworks */,
			);
			sourceTree = "<group>";
		};
		4485B9822A37D046000E0531 /* Products */ = {
			isa = PBXGroup;
			children = (
				4485B9812A37D046000E0531 /* ImagesFeedApp.app */,
			);
			name = Products;
			sourceTree = "<group>";
		};
		4485B9832A37D046000E0531 /* ImagesFeedApp */ = {
			isa = PBXGroup;
			children = (
				4485B9BD2A3A6418000E0531 /* PresentationLayer */,
				4485B9B52A3A62BD000E0531 /* ServiceLayer */,
				4485B9AF2A3A334E000E0531 /* Entities */,
				4485B9A22A391F80000E0531 /* Extensions */,
				4485B9842A37D046000E0531 /* AppDelegate.swift */,
				4485B9862A37D046000E0531 /* SceneDelegate.swift */,
				4485B98A2A37D046000E0531 /* Main.storyboard */,
				4485B98D2A37D048000E0531 /* Assets.xcassets */,
				4485B98F2A37D048000E0531 /* LaunchScreen.storyboard */,
				4485B9922A37D048000E0531 /* Info.plist */,
			);
			path = ImagesFeedApp;
			sourceTree = "<group>";
		};
		4485B9A22A391F80000E0531 /* Extensions */ = {
			isa = PBXGroup;
			children = (
				4485B9A32A391F8C000E0531 /* UIImageView.swift */,
			);
			path = Extensions;
			sourceTree = "<group>";
		};
		4485B9AF2A3A334E000E0531 /* Entities */ = {
			isa = PBXGroup;
			children = (
				4485B9B82A3A6387000E0531 /* Models */,
				4485B9B02A3A3366000E0531 /* AppConstants.swift */,
			);
			path = Entities;
			sourceTree = "<group>";
		};
		4485B9B52A3A62BD000E0531 /* ServiceLayer */ = {
			isa = PBXGroup;
			children = (
				4485B9BE2A3A64D6000E0531 /* Contracts */,
				4485B9AD2A3A1D5F000E0531 /* ImagesSearchService.swift */,
				4485B99A2A37D818000E0531 /* ImagesLoaderService.swift */,
				4485B99C2A37D8F9000E0531 /* HTTPClient .swift */,
				4485B9B22A3A3E70000E0531 /* LocalStorage .swift */,
			);
			path = ServiceLayer;
			sourceTree = "<group>";
		};
		4485B9B82A3A6387000E0531 /* Models */ = {
			isa = PBXGroup;
			children = (
				4485B99E2A37DE74000E0531 /* ImagesScreenModel.swift */,
				4485B9B92A3A63D8000E0531 /* DetailImageModel.swift */,
				4485B9BB2A3A63FE000E0531 /* SearchResults.swift */,
			);
			path = Models;
			sourceTree = "<group>";
		};
		4485B9BD2A3A6418000E0531 /* PresentationLayer */ = {
			isa = PBXGroup;
			children = (
				4485B9CF2A3AEF21000E0531 /* FavoritesFlow */,
				4485B9CC2A3A6B6F000E0531 /* DetailFlow */,
				4485B9C02A3A652B000E0531 /* ImageFeedFlow */,
				4485B9BF2A3A64F9000E0531 /* StartFlow */,
			);
			path = PresentationLayer;
			sourceTree = "<group>";
		};
		4485B9BE2A3A64D6000E0531 /* Contracts */ = {
			isa = PBXGroup;
			children = (
				4485B9B62A3A630C000E0531 /* Contracts.swift */,
			);
			path = Contracts;
			sourceTree = "<group>";
		};
		4485B9BF2A3A64F9000E0531 /* StartFlow */ = {
			isa = PBXGroup;
			children = (
				4485B9982A37D328000E0531 /* MainTabBarViewController.swift */,
			);
			path = StartFlow;
			sourceTree = "<group>";
		};
		4485B9C02A3A652B000E0531 /* ImageFeedFlow */ = {
			isa = PBXGroup;
			children = (
				4485B9C82A3A6A1D000E0531 /* View */,
				4485B9C52A3A69A9000E0531 /* Contracts */,
				4485B9882A37D046000E0531 /* ImagesFeedViewController.swift */,
				4485B9C12A3A656B000E0531 /* ImageFeedView.swift */,
				4485B9C32A3A697D000E0531 /* ImagesFeedViewControllerAssembly.swift */,
			);
			path = ImageFeedFlow;
			sourceTree = "<group>";
		};
		4485B9C52A3A69A9000E0531 /* Contracts */ = {
			isa = PBXGroup;
			children = (
				4485B9C62A3A69B7000E0531 /* ImageFeedContracts.swift */,
			);
			path = Contracts;
			sourceTree = "<group>";
		};
		4485B9C82A3A6A1D000E0531 /* View */ = {
			isa = PBXGroup;
			children = (
				4485B9C92A3A6B26000E0531 /* Contracts */,
				4485B9A02A38E5A4000E0531 /* ImageInfoCell.swift */,
			);
			path = View;
			sourceTree = "<group>";
		};
		4485B9C92A3A6B26000E0531 /* Contracts */ = {
			isa = PBXGroup;
			children = (
				4485B9CA2A3A6B33000E0531 /* ImageInfoCellProtocol.swift */,
			);
			path = Contracts;
			sourceTree = "<group>";
		};
		4485B9CC2A3A6B6F000E0531 /* DetailFlow */ = {
			isa = PBXGroup;
			children = (
				4485B9DD2A3AF093000E0531 /* Contracts */,
				4485B9CD2A3A6B7D000E0531 /* DetailView.swift */,
				4485B9A52A39204A000E0531 /* DetailViewController.swift */,
				4485B9DB2A3AF060000E0531 /* DetailViewControllerAssembly.swift */,
			);
			path = DetailFlow;
			sourceTree = "<group>";
		};
		4485B9CF2A3AEF21000E0531 /* FavoritesFlow */ = {
			isa = PBXGroup;
			children = (
				4485B9D72A3AEFD6000E0531 /* Views */,
				4485B9D42A3AEFA1000E0531 /* Contracts */,
				4485B9A92A39FC99000E0531 /* FavoritesViewController.swift */,
				4485B9D02A3AEF46000E0531 /* FavoritesView.swift */,
				4485B9D22A3AEF8B000E0531 /* FavoritesViewControllerAssembly.swift */,
			);
			path = FavoritesFlow;
			sourceTree = "<group>";
		};
		4485B9D42A3AEFA1000E0531 /* Contracts */ = {
			isa = PBXGroup;
			children = (
				4485B9D52A3AEFB9000E0531 /* FavoritesContracts.swift */,
			);
			path = Contracts;
			sourceTree = "<group>";
		};
		4485B9D72A3AEFD6000E0531 /* Views */ = {
			isa = PBXGroup;
			children = (
				4485B9D82A3AF009000E0531 /* Contracts */,
				4485B9AB2A39FD89000E0531 /* FavoriteImageCell.swift */,
			);
			path = Views;
			sourceTree = "<group>";
		};
		4485B9D82A3AF009000E0531 /* Contracts */ = {
			isa = PBXGroup;
			children = (
				4485B9D92A3AF018000E0531 /* FavoriteImageCellProtocol.swift */,
			);
			path = Contracts;
			sourceTree = "<group>";
		};
		4485B9DD2A3AF093000E0531 /* Contracts */ = {
			isa = PBXGroup;
			children = (
				4485B9DE2A3AF09C000E0531 /* DetailsContracts.swift */,
			);
			path = Contracts;
			sourceTree = "<group>";
		};
		866562B5D8BD6E1C7B6456F0 /* Frameworks */ = {
			isa = PBXGroup;
			children = (
				C5D7D002791BD3ECA940976D /* Pods_ImagesFeedApp.framework */,
			);
			name = Frameworks;
			sourceTree = "<group>";
		};
		E3237124F6CA57317A27ED98 /* Pods */ = {
			isa = PBXGroup;
			children = (
				42E503457F751A3E2611C0AE /* Pods-ImagesFeedApp.debug.xcconfig */,
				5F2E13F5C837C34B19277807 /* Pods-ImagesFeedApp.release.xcconfig */,
			);
			path = Pods;
			sourceTree = "<group>";
		};
/* End PBXGroup section */

/* Begin PBXNativeTarget section */
		4485B9802A37D046000E0531 /* ImagesFeedApp */ = {
			isa = PBXNativeTarget;
			buildConfigurationList = 4485B9952A37D048000E0531 /* Build configuration list for PBXNativeTarget "ImagesFeedApp" */;
			buildPhases = (
				F680195D568BFB36AD388CF2 /* [CP] Check Pods Manifest.lock */,
				4485B97D2A37D046000E0531 /* Sources */,
				4485B97E2A37D046000E0531 /* Frameworks */,
				4485B97F2A37D046000E0531 /* Resources */,
				4485B9B42A3A60E6000E0531 /* ShellScript */,
			);
			buildRules = (
			);
			dependencies = (
			);
			name = ImagesFeedApp;
			productName = ImagesFeedApp;
			productReference = 4485B9812A37D046000E0531 /* ImagesFeedApp.app */;
			productType = "com.apple.product-type.application";
		};
/* End PBXNativeTarget section */

/* Begin PBXProject section */
		4485B9792A37D046000E0531 /* Project object */ = {
			isa = PBXProject;
			attributes = {
				BuildIndependentTargetsInParallel = 1;
				LastSwiftUpdateCheck = 1430;
				LastUpgradeCheck = 1430;
				TargetAttributes = {
					4485B9802A37D046000E0531 = {
						CreatedOnToolsVersion = 14.3.1;
					};
				};
			};
			buildConfigurationList = 4485B97C2A37D046000E0531 /* Build configuration list for PBXProject "ImagesFeedApp" */;
			compatibilityVersion = "Xcode 14.0";
			developmentRegion = en;
			hasScannedForEncodings = 0;
			knownRegions = (
				en,
				Base,
			);
			mainGroup = 4485B9782A37D046000E0531;
			productRefGroup = 4485B9822A37D046000E0531 /* Products */;
			projectDirPath = "";
			projectRoot = "";
			targets = (
				4485B9802A37D046000E0531 /* ImagesFeedApp */,
			);
		};
/* End PBXProject section */

/* Begin PBXResourcesBuildPhase section */
		4485B97F2A37D046000E0531 /* Resources */ = {
			isa = PBXResourcesBuildPhase;
			buildActionMask = 2147483647;
			files = (
				4485B9912A37D048000E0531 /* LaunchScreen.storyboard in Resources */,
				4485B98E2A37D048000E0531 /* Assets.xcassets in Resources */,
				4485B98C2A37D046000E0531 /* Main.storyboard in Resources */,
			);
			runOnlyForDeploymentPostprocessing = 0;
		};
/* End PBXResourcesBuildPhase section */

/* Begin PBXShellScriptBuildPhase section */
		4485B9B42A3A60E6000E0531 /* ShellScript */ = {
			isa = PBXShellScriptBuildPhase;
			alwaysOutOfDate = 1;
			buildActionMask = 2147483647;
			files = (
			);
			inputFileListPaths = (
			);
			inputPaths = (
			);
			outputFileListPaths = (
			);
			outputPaths = (
			);
			runOnlyForDeploymentPostprocessing = 0;
			shellPath = /bin/sh;
			shellScript = "if [ -z \"$CI\" ]; then\n    ${PODS_ROOT}/SwiftLint/swiftlint\nfi\n";
		};
		F680195D568BFB36AD388CF2 /* [CP] Check Pods Manifest.lock */ = {
			isa = PBXShellScriptBuildPhase;
			buildActionMask = 2147483647;
			files = (
			);
			inputFileListPaths = (
			);
			inputPaths = (
				"${PODS_PODFILE_DIR_PATH}/Podfile.lock",
				"${PODS_ROOT}/Manifest.lock",
			);
			name = "[CP] Check Pods Manifest.lock";
			outputFileListPaths = (
			);
			outputPaths = (
				"$(DERIVED_FILE_DIR)/Pods-ImagesFeedApp-checkManifestLockResult.txt",
			);
			runOnlyForDeploymentPostprocessing = 0;
			shellPath = /bin/sh;
			shellScript = "diff \"${PODS_PODFILE_DIR_PATH}/Podfile.lock\" \"${PODS_ROOT}/Manifest.lock\" > /dev/null\nif [ $? != 0 ] ; then\n    # print error to STDERR\n    echo \"error: The sandbox is not in sync with the Podfile.lock. Run 'pod install' or update your CocoaPods installation.\" >&2\n    exit 1\nfi\n# This output is used by Xcode 'outputs' to avoid re-running this script phase.\necho \"SUCCESS\" > \"${SCRIPT_OUTPUT_FILE_0}\"\n";
			showEnvVarsInLog = 0;
		};
/* End PBXShellScriptBuildPhase section */

/* Begin PBXSourcesBuildPhase section */
		4485B97D2A37D046000E0531 /* Sources */ = {
			isa = PBXSourcesBuildPhase;
			buildActionMask = 2147483647;
			files = (
				4485B9892A37D046000E0531 /* ImagesFeedViewController.swift in Sources */,
				4485B9A42A391F8C000E0531 /* UIImageView.swift in Sources */,
				4485B99B2A37D818000E0531 /* ImagesLoaderService.swift in Sources */,
				4485B9992A37D328000E0531 /* MainTabBarViewController.swift in Sources */,
				4485B9AA2A39FC99000E0531 /* FavoritesViewController.swift in Sources */,
				4485B9C72A3A69B7000E0531 /* ImageFeedContracts.swift in Sources */,
				4485B9C42A3A697D000E0531 /* ImagesFeedViewControllerAssembly.swift in Sources */,
				4485B9AE2A3A1D5F000E0531 /* ImagesSearchService.swift in Sources */,
				4485B9AC2A39FD89000E0531 /* FavoriteImageCell.swift in Sources */,
				4485B9DC2A3AF060000E0531 /* DetailViewControllerAssembly.swift in Sources */,
				4485B9CB2A3A6B33000E0531 /* ImageInfoCellProtocol.swift in Sources */,
				4485B9DF2A3AF09C000E0531 /* DetailsContracts.swift in Sources */,
				4485B9BC2A3A63FE000E0531 /* SearchResults.swift in Sources */,
				4485B9D32A3AEF8B000E0531 /* FavoritesViewControllerAssembly.swift in Sources */,
				4485B9852A37D046000E0531 /* AppDelegate.swift in Sources */,
				4485B9B32A3A3E70000E0531 /* LocalStorage .swift in Sources */,
				4485B99F2A37DE74000E0531 /* ImagesScreenModel.swift in Sources */,
				4485B9A12A38E5A4000E0531 /* ImageInfoCell.swift in Sources */,
				4485B9B72A3A630C000E0531 /* Contracts.swift in Sources */,
				4485B9DA2A3AF018000E0531 /* FavoriteImageCellProtocol.swift in Sources */,
				4485B9A62A39204A000E0531 /* DetailViewController.swift in Sources */,
				4485B9CE2A3A6B7D000E0531 /* DetailView.swift in Sources */,
				4485B9D62A3AEFB9000E0531 /* FavoritesContracts.swift in Sources */,
				4485B9B12A3A3366000E0531 /* AppConstants.swift in Sources */,
				4485B9872A37D046000E0531 /* SceneDelegate.swift in Sources */,
				4485B9D12A3AEF46000E0531 /* FavoritesView.swift in Sources */,
				4485B9BA2A3A63D8000E0531 /* DetailImageModel.swift in Sources */,
				4485B9C22A3A656B000E0531 /* ImageFeedView.swift in Sources */,
				4485B99D2A37D8F9000E0531 /* HTTPClient .swift in Sources */,
			);
			runOnlyForDeploymentPostprocessing = 0;
		};
/* End PBXSourcesBuildPhase section */

/* Begin PBXVariantGroup section */
		4485B98A2A37D046000E0531 /* Main.storyboard */ = {
			isa = PBXVariantGroup;
			children = (
				4485B98B2A37D046000E0531 /* Base */,
			);
			name = Main.storyboard;
			sourceTree = "<group>";
		};
		4485B98F2A37D048000E0531 /* LaunchScreen.storyboard */ = {
			isa = PBXVariantGroup;
			children = (
				4485B9902A37D048000E0531 /* Base */,
			);
			name = LaunchScreen.storyboard;
			sourceTree = "<group>";
		};
/* End PBXVariantGroup section */

/* Begin XCBuildConfiguration section */
		4485B9932A37D048000E0531 /* Debug */ = {
			isa = XCBuildConfiguration;
			buildSettings = {
				ALWAYS_SEARCH_USER_PATHS = NO;
				CLANG_ANALYZER_NONNULL = YES;
				CLANG_ANALYZER_NUMBER_OBJECT_CONVERSION = YES_AGGRESSIVE;
				CLANG_CXX_LANGUAGE_STANDARD = "gnu++20";
				CLANG_ENABLE_MODULES = YES;
				CLANG_ENABLE_OBJC_ARC = YES;
				CLANG_ENABLE_OBJC_WEAK = YES;
				CLANG_WARN_BLOCK_CAPTURE_AUTORELEASING = YES;
				CLANG_WARN_BOOL_CONVERSION = YES;
				CLANG_WARN_COMMA = YES;
				CLANG_WARN_CONSTANT_CONVERSION = YES;
				CLANG_WARN_DEPRECATED_OBJC_IMPLEMENTATIONS = YES;
				CLANG_WARN_DIRECT_OBJC_ISA_USAGE = YES_ERROR;
				CLANG_WARN_DOCUMENTATION_COMMENTS = YES;
				CLANG_WARN_EMPTY_BODY = YES;
				CLANG_WARN_ENUM_CONVERSION = YES;
				CLANG_WARN_INFINITE_RECURSION = YES;
				CLANG_WARN_INT_CONVERSION = YES;
				CLANG_WARN_NON_LITERAL_NULL_CONVERSION = YES;
				CLANG_WARN_OBJC_IMPLICIT_RETAIN_SELF = YES;
				CLANG_WARN_OBJC_LITERAL_CONVERSION = YES;
				CLANG_WARN_OBJC_ROOT_CLASS = YES_ERROR;
				CLANG_WARN_QUOTED_INCLUDE_IN_FRAMEWORK_HEADER = YES;
				CLANG_WARN_RANGE_LOOP_ANALYSIS = YES;
				CLANG_WARN_STRICT_PROTOTYPES = YES;
				CLANG_WARN_SUSPICIOUS_MOVE = YES;
				CLANG_WARN_UNGUARDED_AVAILABILITY = YES_AGGRESSIVE;
				CLANG_WARN_UNREACHABLE_CODE = YES;
				CLANG_WARN__DUPLICATE_METHOD_MATCH = YES;
				COPY_PHASE_STRIP = NO;
				DEBUG_INFORMATION_FORMAT = dwarf;
				ENABLE_STRICT_OBJC_MSGSEND = YES;
				ENABLE_TESTABILITY = YES;
				GCC_C_LANGUAGE_STANDARD = gnu11;
				GCC_DYNAMIC_NO_PIC = NO;
				GCC_NO_COMMON_BLOCKS = YES;
				GCC_OPTIMIZATION_LEVEL = 0;
				GCC_PREPROCESSOR_DEFINITIONS = (
					"DEBUG=1",
					"$(inherited)",
				);
				GCC_WARN_64_TO_32_BIT_CONVERSION = YES;
				GCC_WARN_ABOUT_RETURN_TYPE = YES_ERROR;
				GCC_WARN_UNDECLARED_SELECTOR = YES;
				GCC_WARN_UNINITIALIZED_AUTOS = YES_AGGRESSIVE;
				GCC_WARN_UNUSED_FUNCTION = YES;
				GCC_WARN_UNUSED_VARIABLE = YES;
				IPHONEOS_DEPLOYMENT_TARGET = 16.4;
				MTL_ENABLE_DEBUG_INFO = INCLUDE_SOURCE;
				MTL_FAST_MATH = YES;
				ONLY_ACTIVE_ARCH = YES;
				SDKROOT = iphoneos;
				SWIFT_ACTIVE_COMPILATION_CONDITIONS = DEBUG;
				SWIFT_OPTIMIZATION_LEVEL = "-Onone";
			};
			name = Debug;
		};
		4485B9942A37D048000E0531 /* Release */ = {
			isa = XCBuildConfiguration;
			buildSettings = {
				ALWAYS_SEARCH_USER_PATHS = NO;
				CLANG_ANALYZER_NONNULL = YES;
				CLANG_ANALYZER_NUMBER_OBJECT_CONVERSION = YES_AGGRESSIVE;
				CLANG_CXX_LANGUAGE_STANDARD = "gnu++20";
				CLANG_ENABLE_MODULES = YES;
				CLANG_ENABLE_OBJC_ARC = YES;
				CLANG_ENABLE_OBJC_WEAK = YES;
				CLANG_WARN_BLOCK_CAPTURE_AUTORELEASING = YES;
				CLANG_WARN_BOOL_CONVERSION = YES;
				CLANG_WARN_COMMA = YES;
				CLANG_WARN_CONSTANT_CONVERSION = YES;
				CLANG_WARN_DEPRECATED_OBJC_IMPLEMENTATIONS = YES;
				CLANG_WARN_DIRECT_OBJC_ISA_USAGE = YES_ERROR;
				CLANG_WARN_DOCUMENTATION_COMMENTS = YES;
				CLANG_WARN_EMPTY_BODY = YES;
				CLANG_WARN_ENUM_CONVERSION = YES;
				CLANG_WARN_INFINITE_RECURSION = YES;
				CLANG_WARN_INT_CONVERSION = YES;
				CLANG_WARN_NON_LITERAL_NULL_CONVERSION = YES;
				CLANG_WARN_OBJC_IMPLICIT_RETAIN_SELF = YES;
				CLANG_WARN_OBJC_LITERAL_CONVERSION = YES;
				CLANG_WARN_OBJC_ROOT_CLASS = YES_ERROR;
				CLANG_WARN_QUOTED_INCLUDE_IN_FRAMEWORK_HEADER = YES;
				CLANG_WARN_RANGE_LOOP_ANALYSIS = YES;
				CLANG_WARN_STRICT_PROTOTYPES = YES;
				CLANG_WARN_SUSPICIOUS_MOVE = YES;
				CLANG_WARN_UNGUARDED_AVAILABILITY = YES_AGGRESSIVE;
				CLANG_WARN_UNREACHABLE_CODE = YES;
				CLANG_WARN__DUPLICATE_METHOD_MATCH = YES;
				COPY_PHASE_STRIP = NO;
				DEBUG_INFORMATION_FORMAT = "dwarf-with-dsym";
				ENABLE_NS_ASSERTIONS = NO;
				ENABLE_STRICT_OBJC_MSGSEND = YES;
				GCC_C_LANGUAGE_STANDARD = gnu11;
				GCC_NO_COMMON_BLOCKS = YES;
				GCC_WARN_64_TO_32_BIT_CONVERSION = YES;
				GCC_WARN_ABOUT_RETURN_TYPE = YES_ERROR;
				GCC_WARN_UNDECLARED_SELECTOR = YES;
				GCC_WARN_UNINITIALIZED_AUTOS = YES_AGGRESSIVE;
				GCC_WARN_UNUSED_FUNCTION = YES;
				GCC_WARN_UNUSED_VARIABLE = YES;
				IPHONEOS_DEPLOYMENT_TARGET = 16.4;
				MTL_ENABLE_DEBUG_INFO = NO;
				MTL_FAST_MATH = YES;
				SDKROOT = iphoneos;
				SWIFT_COMPILATION_MODE = wholemodule;
				SWIFT_OPTIMIZATION_LEVEL = "-O";
				VALIDATE_PRODUCT = YES;
			};
			name = Release;
		};
		4485B9962A37D048000E0531 /* Debug */ = {
			isa = XCBuildConfiguration;
			baseConfigurationReference = 42E503457F751A3E2611C0AE /* Pods-ImagesFeedApp.debug.xcconfig */;
			buildSettings = {
				ASSETCATALOG_COMPILER_APPICON_NAME = AppIcon;
				ASSETCATALOG_COMPILER_GLOBAL_ACCENT_COLOR_NAME = AccentColor;
				CODE_SIGN_STYLE = Automatic;
				CURRENT_PROJECT_VERSION = 1;
				DEVELOPMENT_TEAM = 8PTPJAPGUH;
				GENERATE_INFOPLIST_FILE = YES;
				INFOPLIST_FILE = ImagesFeedApp/Info.plist;
				INFOPLIST_KEY_UIApplicationSupportsIndirectInputEvents = YES;
				INFOPLIST_KEY_UILaunchStoryboardName = LaunchScreen;
				INFOPLIST_KEY_UIMainStoryboardFile = Main;
				INFOPLIST_KEY_UISupportedInterfaceOrientations = UIInterfaceOrientationPortrait;
				INFOPLIST_KEY_UISupportedInterfaceOrientations_iPad = "UIInterfaceOrientationLandscapeLeft UIInterfaceOrientationLandscapeRight UIInterfaceOrientationPortrait UIInterfaceOrientationPortraitUpsideDown";
				IPHONEOS_DEPLOYMENT_TARGET = 15.0;
				LD_RUNPATH_SEARCH_PATHS = (
					"$(inherited)",
					"@executable_path/Frameworks",
				);
				MARKETING_VERSION = 1.0;
				PRODUCT_BUNDLE_IDENTIFIER = dolludaa.ImagesFeedApp;
				PRODUCT_NAME = "$(TARGET_NAME)";
				SUPPORTED_PLATFORMS = "iphoneos iphonesimulator";
				SUPPORTS_MACCATALYST = NO;
				SUPPORTS_MAC_DESIGNED_FOR_IPHONE_IPAD = NO;
				SWIFT_EMIT_LOC_STRINGS = YES;
				SWIFT_VERSION = 5.0;
				TARGETED_DEVICE_FAMILY = 1;
			};
			name = Debug;
		};
		4485B9972A37D048000E0531 /* Release */ = {
			isa = XCBuildConfiguration;
			baseConfigurationReference = 5F2E13F5C837C34B19277807 /* Pods-ImagesFeedApp.release.xcconfig */;
			buildSettings = {
				ASSETCATALOG_COMPILER_APPICON_NAME = AppIcon;
				ASSETCATALOG_COMPILER_GLOBAL_ACCENT_COLOR_NAME = AccentColor;
				CODE_SIGN_STYLE = Automatic;
				CURRENT_PROJECT_VERSION = 1;
				DEVELOPMENT_TEAM = 8PTPJAPGUH;
				GENERATE_INFOPLIST_FILE = YES;
				INFOPLIST_FILE = ImagesFeedApp/Info.plist;
				INFOPLIST_KEY_UIApplicationSupportsIndirectInputEvents = YES;
				INFOPLIST_KEY_UILaunchStoryboardName = LaunchScreen;
				INFOPLIST_KEY_UIMainStoryboardFile = Main;
				INFOPLIST_KEY_UISupportedInterfaceOrientations = UIInterfaceOrientationPortrait;
				INFOPLIST_KEY_UISupportedInterfaceOrientations_iPad = "UIInterfaceOrientationLandscapeLeft UIInterfaceOrientationLandscapeRight UIInterfaceOrientationPortrait UIInterfaceOrientationPortraitUpsideDown";
				IPHONEOS_DEPLOYMENT_TARGET = 15.0;
				LD_RUNPATH_SEARCH_PATHS = (
					"$(inherited)",
					"@executable_path/Frameworks",
				);
				MARKETING_VERSION = 1.0;
				PRODUCT_BUNDLE_IDENTIFIER = dolludaa.ImagesFeedApp;
				PRODUCT_NAME = "$(TARGET_NAME)";
				SUPPORTED_PLATFORMS = "iphoneos iphonesimulator";
				SUPPORTS_MACCATALYST = NO;
				SUPPORTS_MAC_DESIGNED_FOR_IPHONE_IPAD = NO;
				SWIFT_EMIT_LOC_STRINGS = YES;
				SWIFT_VERSION = 5.0;
				TARGETED_DEVICE_FAMILY = 1;
			};
			name = Release;
		};
/* End XCBuildConfiguration section */

/* Begin XCConfigurationList section */
		4485B97C2A37D046000E0531 /* Build configuration list for PBXProject "ImagesFeedApp" */ = {
			isa = XCConfigurationList;
			buildConfigurations = (
				4485B9932A37D048000E0531 /* Debug */,
				4485B9942A37D048000E0531 /* Release */,
			);
			defaultConfigurationIsVisible = 0;
			defaultConfigurationName = Release;
		};
		4485B9952A37D048000E0531 /* Build configuration list for PBXNativeTarget "ImagesFeedApp" */ = {
			isa = XCConfigurationList;
			buildConfigurations = (
				4485B9962A37D048000E0531 /* Debug */,
				4485B9972A37D048000E0531 /* Release */,
			);
			defaultConfigurationIsVisible = 0;
			defaultConfigurationName = Release;
		};
/* End XCConfigurationList section */
	};
	rootObject = 4485B9792A37D046000E0531 /* Project object */;
}
